
Microsoft Visual Studio Solution File, Format Version 12.00
# Visual Studio Version 17
VisualStudioVersion = 17.4.33205.214
MinimumVisualStudioVersion = 10.0.40219.1
Project("{FAE04EC0-301F-11D3-BF4B-00C04F79EFBC}") = "RegEx_HW", "RegEx_HW.csproj", "{CCB23D60-21C7-4F2A-9183-66DF671A9644}"
EndProject
Global
	GlobalSection(SolutionConfigurationPlatforms) = preSolution
		Debug|Any CPU = Debug|Any CPU
		Release|Any CPU = Release|Any CPU
	EndGlobalSection
	GlobalSection(ProjectConfigurationPlatforms) = postSolution
		{CCB23D60-21C7-4F2A-9183-66DF671A9644}.Debug|Any CPU.ActiveCfg = Debug|Any CPU
		{CCB23D60-21C7-4F2A-9183-66DF671A9644}.Debug|Any CPU.Build.0 = Debug|Any CPU
		{CCB23D60-21C7-4F2A-9183-66DF671A9644}.Release|Any CPU.ActiveCfg = Release|Any CPU
		{CCB23D60-21C7-4F2A-9183-66DF671A9644}.Release|Any CPU.Build.0 = Release|Any CPU
	EndGlobalSection
	GlobalSection(SolutionProperties) = preSolution
		HideSolutionNode = FALSE
	EndGlobalSection
	GlobalSection(ExtensibilityGlobals) = postSolution
		SolutionGuid = {53F0085A-954B-45E9-AC5A-0EE8AC4EFCC8}
	EndGlobalSection
EndGlobal
